// !$*UTF8*$!
{
	archiveVersion = 1;
	classes = {
	};
	objectVersion = 56;
	objects = {

/* Begin PBXBuildFile section */
		7442B8CD2DED83190051EDC0 /* RunnerApp.swift in Sources */ = {isa = PBXBuildFile; fileRef = 7442B8CC2DED83190051EDC0 /* RunnerApp.swift */; };
		7442B8CF2DED83190051EDC0 /* ContentView.swift in Sources */ = {isa = PBXBuildFile; fileRef = 7442B8CE2DED83190051EDC0 /* ContentView.swift */; };
		7442B8D12DED831B0051EDC0 /* Assets.xcassets in Resources */ = {isa = PBXBuildFile; fileRef = 7442B8D02DED831B0051EDC0 /* Assets.xcassets */; };
		7442B8D42DED831B0051EDC0 /* Preview Assets.xcassets in Resources */ = {isa = PBXBuildFile; fileRef = 7442B8D32DED831B0051EDC0 /* Preview Assets.xcassets */; };
		7442B8DE2DED831C0051EDC0 /* RunnerTests.swift in Sources */ = {isa = PBXBuildFile; fileRef = 7442B8DD2DED831C0051EDC0 /* RunnerTests.swift */; };
		7442B8E82DED831C0051EDC0 /* RunnerUITests.swift in Sources */ = {isa = PBXBuildFile; fileRef = 7442B8E72DED831C0051EDC0 /* RunnerUITests.swift */; };
		7442B8EA2DED831C0051EDC0 /* RunnerUITestsLaunchTests.swift in Sources */ = {isa = PBXBuildFile; fileRef = 7442B8E92DED831C0051EDC0 /* RunnerUITestsLaunchTests.swift */; };
		7442B8FC2DED888D0051EDC0 /* SettingsView.swift in Sources */ = {isa = PBXBuildFile; fileRef = 7442B8F62DED888D0051EDC0 /* SettingsView.swift */; };
		7442B8FD2DED888D0051EDC0 /* WatchApp.swift in Sources */ = {isa = PBXBuildFile; fileRef = 7442B8F72DED888D0051EDC0 /* WatchApp.swift */; };
		7442B8FE2DED888D0051EDC0 /* TimerView.swift in Sources */ = {isa = PBXBuildFile; fileRef = 7442B8F82DED888D0051EDC0 /* TimerView.swift */; };
		7442B8FF2DED888D0051EDC0 /* DistanceView.swift in Sources */ = {isa = PBXBuildFile; fileRef = 7442B8F92DED888D0051EDC0 /* DistanceView.swift */; };
		7442B9002DED888D0051EDC0 /* HomeView.swift in Sources */ = {isa = PBXBuildFile; fileRef = 7442B8FA2DED888D0051EDC0 /* HomeView.swift */; };
		74E247F82DEE0CFC00A3CC6E /* SettingsManager.swift in Sources */ = {isa = PBXBuildFile; fileRef = 74E247F72DEE0CFC00A3CC6E /* SettingsManager.swift */; };
/* End PBXBuildFile section */

/* Begin PBXContainerItemProxy section */
		7442B8DA2DED831C0051EDC0 /* PBXContainerItemProxy */ = {
			isa = PBXContainerItemProxy;
			containerPortal = 7442B8C12DED83190051EDC0 /* Project object */;
			proxyType = 1;
			remoteGlobalIDString = 7442B8C82DED83190051EDC0;
			remoteInfo = Runner;
		};
		7442B8E42DED831C0051EDC0 /* PBXContainerItemProxy */ = {
			isa = PBXContainerItemProxy;
			containerPortal = 7442B8C12DED83190051EDC0 /* Project object */;
			proxyType = 1;
			remoteGlobalIDString = 7442B8C82DED83190051EDC0;
			remoteInfo = Runner;
		};
/* End PBXContainerItemProxy section */

/* Begin PBXFileReference section */
		7442B8C92DED83190051EDC0 /* Runner.app */ = {isa = PBXFileReference; explicitFileType = wrapper.application; includeInIndex = 0; path = Runner.app; sourceTree = BUILT_PRODUCTS_DIR; };
		7442B8CC2DED83190051EDC0 /* RunnerApp.swift */ = {isa = PBXFileReference; lastKnownFileType = sourcecode.swift; path = RunnerApp.swift; sourceTree = "<group>"; };
		7442B8CE2DED83190051EDC0 /* ContentView.swift */ = {isa = PBXFileReference; lastKnownFileType = sourcecode.swift; path = ContentView.swift; sourceTree = "<group>"; };
		7442B8D02DED831B0051EDC0 /* Assets.xcassets */ = {isa = PBXFileReference; lastKnownFileType = folder.assetcatalog; path = Assets.xcassets; sourceTree = "<group>"; };
		7442B8D32DED831B0051EDC0 /* Preview Assets.xcassets */ = {isa = PBXFileReference; lastKnownFileType = folder.assetcatalog; path = "Preview Assets.xcassets"; sourceTree = "<group>"; };
		7442B8D92DED831C0051EDC0 /* RunnerTests.xctest */ = {isa = PBXFileReference; explicitFileType = wrapper.cfbundle; includeInIndex = 0; path = RunnerTests.xctest; sourceTree = BUILT_PRODUCTS_DIR; };
		7442B8DD2DED831C0051EDC0 /* RunnerTests.swift */ = {isa = PBXFileReference; lastKnownFileType = sourcecode.swift; path = RunnerTests.swift; sourceTree = "<group>"; };
		7442B8E32DED831C0051EDC0 /* RunnerUITests.xctest */ = {isa = PBXFileReference; explicitFileType = wrapper.cfbundle; includeInIndex = 0; path = RunnerUITests.xctest; sourceTree = BUILT_PRODUCTS_DIR; };
		7442B8E72DED831C0051EDC0 /* RunnerUITests.swift */ = {isa = PBXFileReference; lastKnownFileType = sourcecode.swift; path = RunnerUITests.swift; sourceTree = "<group>"; };
		7442B8E92DED831C0051EDC0 /* RunnerUITestsLaunchTests.swift */ = {isa = PBXFileReference; lastKnownFileType = sourcecode.swift; path = RunnerUITestsLaunchTests.swift; sourceTree = "<group>"; };
		7442B8F62DED888D0051EDC0 /* SettingsView.swift */ = {isa = PBXFileReference; fileEncoding = 4; lastKnownFileType = sourcecode.swift; path = SettingsView.swift; sourceTree = "<group>"; };
		7442B8F72DED888D0051EDC0 /* WatchApp.swift */ = {isa = PBXFileReference; fileEncoding = 4; lastKnownFileType = sourcecode.swift; path = WatchApp.swift; sourceTree = "<group>"; };
		7442B8F82DED888D0051EDC0 /* TimerView.swift */ = {isa = PBXFileReference; fileEncoding = 4; lastKnownFileType = sourcecode.swift; path = TimerView.swift; sourceTree = "<group>"; };
		7442B8F92DED888D0051EDC0 /* DistanceView.swift */ = {isa = PBXFileReference; fileEncoding = 4; lastKnownFileType = sourcecode.swift; path = DistanceView.swift; sourceTree = "<group>"; };
		7442B8FA2DED888D0051EDC0 /* HomeView.swift */ = {isa = PBXFileReference; fileEncoding = 4; lastKnownFileType = sourcecode.swift; path = HomeView.swift; sourceTree = "<group>"; };
		74E247F72DEE0CFC00A3CC6E /* SettingsManager.swift */ = {isa = PBXFileReference; fileEncoding = 4; lastKnownFileType = sourcecode.swift; path = SettingsManager.swift; sourceTree = "<group>"; };
/* End PBXFileReference section */

/* Begin PBXFrameworksBuildPhase section */
		7442B8C62DED83190051EDC0 /* Frameworks */ = {
			isa = PBXFrameworksBuildPhase;
			buildActionMask = 2147483647;
			files = (
			);
			runOnlyForDeploymentPostprocessing = 0;
		};
		7442B8D62DED831C0051EDC0 /* Frameworks */ = {
			isa = PBXFrameworksBuildPhase;
			buildActionMask = 2147483647;
			files = (
			);
			runOnlyForDeploymentPostprocessing = 0;
		};
		7442B8E02DED831C0051EDC0 /* Frameworks */ = {
			isa = PBXFrameworksBuildPhase;
			buildActionMask = 2147483647;
			files = (
			);
			runOnlyForDeploymentPostprocessing = 0;
		};
/* End PBXFrameworksBuildPhase section */

/* Begin PBXGroup section */
		7442B8C02DED83190051EDC0 = {
			isa = PBXGroup;
			children = (
				7442B8CB2DED83190051EDC0 /* Runner */,
				7442B8DC2DED831C0051EDC0 /* RunnerTests */,
				7442B8E62DED831C0051EDC0 /* RunnerUITests */,
				7442B8CA2DED83190051EDC0 /* Products */,
			);
			sourceTree = "<group>";
		};
		7442B8CA2DED83190051EDC0 /* Products */ = {
			isa = PBXGroup;
			children = (
				7442B8C92DED83190051EDC0 /* Runner.app */,
				7442B8D92DED831C0051EDC0 /* RunnerTests.xctest */,
				7442B8E32DED831C0051EDC0 /* RunnerUITests.xctest */,
			);
			name = Products;
			sourceTree = "<group>";
		};
		7442B8CB2DED83190051EDC0 /* Runner */ = {
			isa = PBXGroup;
			children = (
				7442B8CC2DED83190051EDC0 /* RunnerApp.swift */,
				7442B8CE2DED83190051EDC0 /* ContentView.swift */,
				74E247F72DEE0CFC00A3CC6E /* SettingsManager.swift */,
				7442B8F92DED888D0051EDC0 /* DistanceView.swift */,
				7442B8FA2DED888D0051EDC0 /* HomeView.swift */,
				7442B8F62DED888D0051EDC0 /* SettingsView.swift */,
				7442B8F82DED888D0051EDC0 /* TimerView.swift */,
				7442B8F72DED888D0051EDC0 /* WatchApp.swift */,
				7442B8D02DED831B0051EDC0 /* Assets.xcassets */,
				7442B8D22DED831B0051EDC0 /* Preview Content */,
			);
			path = Runner;
			sourceTree = "<group>";
		};
		7442B8D22DED831B0051EDC0 /* Preview Content */ = {
			isa = PBXGroup;
			children = (
				7442B8D32DED831B0051EDC0 /* Preview Assets.xcassets */,
			);
			path = "Preview Content";
			sourceTree = "<group>";
		};
		7442B8DC2DED831C0051EDC0 /* RunnerTests */ = {
			isa = PBXGroup;
			children = (
				7442B8DD2DED831C0051EDC0 /* RunnerTests.swift */,
			);
			path = RunnerTests;
			sourceTree = "<group>";
		};
		7442B8E62DED831C0051EDC0 /* RunnerUITests */ = {
			isa = PBXGroup;
			children = (
				7442B8E72DED831C0051EDC0 /* RunnerUITests.swift */,
				7442B8E92DED831C0051EDC0 /* RunnerUITestsLaunchTests.swift */,
			);
			path = RunnerUITests;
			sourceTree = "<group>";
		};
/* End PBXGroup section */

/* Begin PBXNativeTarget section */
		7442B8C82DED83190051EDC0 /* Runner */ = {
			isa = PBXNativeTarget;
			buildConfigurationList = 7442B8ED2DED831C0051EDC0 /* Build configuration list for PBXNativeTarget "Runner" */;
			buildPhases = (
				7442B8C52DED83190051EDC0 /* Sources */,
				7442B8C62DED83190051EDC0 /* Frameworks */,
				7442B8C72DED83190051EDC0 /* Resources */,
			);
			buildRules = (
			);
			dependencies = (
			);
			name = Runner;
			productName = Runner;
			productReference = 7442B8C92DED83190051EDC0 /* Runner.app */;
			productType = "com.apple.product-type.application";
		};
		7442B8D82DED831C0051EDC0 /* RunnerTests */ = {
			isa = PBXNativeTarget;
			buildConfigurationList = 7442B8F02DED831C0051EDC0 /* Build configuration list for PBXNativeTarget "RunnerTests" */;
			buildPhases = (
				7442B8D52DED831C0051EDC0 /* Sources */,
				7442B8D62DED831C0051EDC0 /* Frameworks */,
				7442B8D72DED831C0051EDC0 /* Resources */,
			);
			buildRules = (
			);
			dependencies = (
				7442B8DB2DED831C0051EDC0 /* PBXTargetDependency */,
			);
			name = RunnerTests;
			productName = RunnerTests;
			productReference = 7442B8D92DED831C0051EDC0 /* RunnerTests.xctest */;
			productType = "com.apple.product-type.bundle.unit-test";
		};
		7442B8E22DED831C0051EDC0 /* RunnerUITests */ = {
			isa = PBXNativeTarget;
			buildConfigurationList = 7442B8F32DED831C0051EDC0 /* Build configuration list for PBXNativeTarget "RunnerUITests" */;
			buildPhases = (
				7442B8DF2DED831C0051EDC0 /* Sources */,
				7442B8E02DED831C0051EDC0 /* Frameworks */,
				7442B8E12DED831C0051EDC0 /* Resources */,
			);
			buildRules = (
			);
			dependencies = (
				7442B8E52DED831C0051EDC0 /* PBXTargetDependency */,
			);
			name = RunnerUITests;
			productName = RunnerUITests;
			productReference = 7442B8E32DED831C0051EDC0 /* RunnerUITests.xctest */;
			productType = "com.apple.product-type.bundle.ui-testing";
		};
/* End PBXNativeTarget section */

/* Begin PBXProject section */
		7442B8C12DED83190051EDC0 /* Project object */ = {
			isa = PBXProject;
			attributes = {
				BuildIndependentTargetsInParallel = 1;
				LastSwiftUpdateCheck = 1420;
				LastUpgradeCheck = 1420;
				TargetAttributes = {
					7442B8C82DED83190051EDC0 = {
						CreatedOnToolsVersion = 14.2;
					};
					7442B8D82DED831C0051EDC0 = {
						CreatedOnToolsVersion = 14.2;
						TestTargetID = 7442B8C82DED83190051EDC0;
					};
					7442B8E22DED831C0051EDC0 = {
						CreatedOnToolsVersion = 14.2;
						TestTargetID = 7442B8C82DED83190051EDC0;
					};
				};
			};
			buildConfigurationList = 7442B8C42DED83190051EDC0 /* Build configuration list for PBXProject "Runner" */;
			compatibilityVersion = "Xcode 14.0";
			developmentRegion = en;
			hasScannedForEncodings = 0;
			knownRegions = (
				en,
				Base,
			);
			mainGroup = 7442B8C02DED83190051EDC0;
			productRefGroup = 7442B8CA2DED83190051EDC0 /* Products */;
			projectDirPath = "";
			projectRoot = "";
			targets = (
				7442B8C82DED83190051EDC0 /* Runner */,
				7442B8D82DED831C0051EDC0 /* RunnerTests */,
				7442B8E22DED831C0051EDC0 /* RunnerUITests */,
			);
		};
/* End PBXProject section */

/* Begin PBXResourcesBuildPhase section */
		7442B8C72DED83190051EDC0 /* Resources */ = {
			isa = PBXResourcesBuildPhase;
			buildActionMask = 2147483647;
			files = (
				7442B8D42DED831B0051EDC0 /* Preview Assets.xcassets in Resources */,
				7442B8D12DED831B0051EDC0 /* Assets.xcassets in Resources */,
			);
			runOnlyForDeploymentPostprocessing = 0;
		};
		7442B8D72DED831C0051EDC0 /* Resources */ = {
			isa = PBXResourcesBuildPhase;
			buildActionMask = 2147483647;
			files = (
			);
			runOnlyForDeploymentPostprocessing = 0;
		};
		7442B8E12DED831C0051EDC0 /* Resources */ = {
			isa = PBXResourcesBuildPhase;
			buildActionMask = 2147483647;
			files = (
			);
			runOnlyForDeploymentPostprocessing = 0;
		};
/* End PBXResourcesBuildPhase section */

/* Begin PBXSourcesBuildPhase section */
		7442B8C52DED83190051EDC0 /* Sources */ = {
			isa = PBXSourcesBuildPhase;
			buildActionMask = 2147483647;
			files = (
				7442B8FE2DED888D0051EDC0 /* TimerView.swift in Sources */,
				7442B9002DED888D0051EDC0 /* HomeView.swift in Sources */,
				7442B8FF2DED888D0051EDC0 /* DistanceView.swift in Sources */,
				7442B8FC2DED888D0051EDC0 /* SettingsView.swift in Sources */,
				74E247F82DEE0CFC00A3CC6E /* SettingsManager.swift in Sources */,
				7442B8FD2DED888D0051EDC0 /* WatchApp.swift in Sources */,
				7442B8CF2DED83190051EDC0 /* ContentView.swift in Sources */,
				7442B8CD2DED83190051EDC0 /* RunnerApp.swift in Sources */,
			);
			runOnlyForDeploymentPostprocessing = 0;
		};
		7442B8D52DED831C0051EDC0 /* Sources */ = {
			isa = PBXSourcesBuildPhase;
			buildActionMask = 2147483647;
			files = (
				7442B8DE2DED831C0051EDC0 /* RunnerTests.swift in Sources */,
			);
			runOnlyForDeploymentPostprocessing = 0;
		};
		7442B8DF2DED831C0051EDC0 /* Sources */ = {
			isa = PBXSourcesBuildPhase;
			buildActionMask = 2147483647;
			files = (
				7442B8EA2DED831C0051EDC0 /* RunnerUITestsLaunchTests.swift in Sources */,
				7442B8E82DED831C0051EDC0 /* RunnerUITests.swift in Sources */,
			);
			runOnlyForDeploymentPostprocessing = 0;
		};
/* End PBXSourcesBuildPhase section */

/* Begin PBXTargetDependency section */
		7442B8DB2DED831C0051EDC0 /* PBXTargetDependency */ = {
			isa = PBXTargetDependency;
			target = 7442B8C82DED83190051EDC0 /* Runner */;
			targetProxy = 7442B8DA2DED831C0051EDC0 /* PBXContainerItemProxy */;
		};
		7442B8E52DED831C0051EDC0 /* PBXTargetDependency */ = {
			isa = PBXTargetDependency;
			target = 7442B8C82DED83190051EDC0 /* Runner */;
			targetProxy = 7442B8E42DED831C0051EDC0 /* PBXContainerItemProxy */;
		};
/* End PBXTargetDependency section */

/* Begin XCBuildConfiguration section */
		7442B8EB2DED831C0051EDC0 /* Debug */ = {
			isa = XCBuildConfiguration;
			buildSettings = {
				ALWAYS_SEARCH_USER_PATHS = NO;
				CLANG_ANALYZER_NONNULL = YES;
				CLANG_ANALYZER_NUMBER_OBJECT_CONVERSION = YES_AGGRESSIVE;
				CLANG_CXX_LANGUAGE_STANDARD = "gnu++20";
				CLANG_ENABLE_MODULES = YES;
				CLANG_ENABLE_OBJC_ARC = YES;
				CLANG_ENABLE_OBJC_WEAK = YES;
				CLANG_WARN_BLOCK_CAPTURE_AUTORELEASING = YES;
				CLANG_WARN_BOOL_CONVERSION = YES;
				CLANG_WARN_COMMA = YES;
				CLANG_WARN_CONSTANT_CONVERSION = YES;
				CLANG_WARN_DEPRECATED_OBJC_IMPLEMENTATIONS = YES;
				CLANG_WARN_DIRECT_OBJC_ISA_USAGE = YES_ERROR;
				CLANG_WARN_DOCUMENTATION_COMMENTS = YES;
				CLANG_WARN_EMPTY_BODY = YES;
				CLANG_WARN_ENUM_CONVERSION = YES;
				CLANG_WARN_INFINITE_RECURSION = YES;
				CLANG_WARN_INT_CONVERSION = YES;
				CLANG_WARN_NON_LITERAL_NULL_CONVERSION = YES;
				CLANG_WARN_OBJC_IMPLICIT_RETAIN_SELF = YES;
				CLANG_WARN_OBJC_LITERAL_CONVERSION = YES;
				CLANG_WARN_OBJC_ROOT_CLASS = YES_ERROR;
				CLANG_WARN_QUOTED_INCLUDE_IN_FRAMEWORK_HEADER = YES;
				CLANG_WARN_RANGE_LOOP_ANALYSIS = YES;
				CLANG_WARN_STRICT_PROTOTYPES = YES;
				CLANG_WARN_SUSPICIOUS_MOVE = YES;
				CLANG_WARN_UNGUARDED_AVAILABILITY = YES_AGGRESSIVE;
				CLANG_WARN_UNREACHABLE_CODE = YES;
				CLANG_WARN__DUPLICATE_METHOD_MATCH = YES;
				COPY_PHASE_STRIP = NO;
				DEBUG_INFORMATION_FORMAT = dwarf;
				ENABLE_STRICT_OBJC_MSGSEND = YES;
				ENABLE_TESTABILITY = YES;
				GCC_C_LANGUAGE_STANDARD = gnu11;
				GCC_DYNAMIC_NO_PIC = NO;
				GCC_NO_COMMON_BLOCKS = YES;
				GCC_OPTIMIZATION_LEVEL = 0;
				GCC_PREPROCESSOR_DEFINITIONS = (
					"DEBUG=1",
					"$(inherited)",
				);
				GCC_WARN_64_TO_32_BIT_CONVERSION = YES;
				GCC_WARN_ABOUT_RETURN_TYPE = YES_ERROR;
				GCC_WARN_UNDECLARED_SELECTOR = YES;
				GCC_WARN_UNINITIALIZED_AUTOS = YES_AGGRESSIVE;
				GCC_WARN_UNUSED_FUNCTION = YES;
				GCC_WARN_UNUSED_VARIABLE = YES;
				IPHONEOS_DEPLOYMENT_TARGET = 16.2;
				MTL_ENABLE_DEBUG_INFO = INCLUDE_SOURCE;
				MTL_FAST_MATH = YES;
				ONLY_ACTIVE_ARCH = YES;
				SDKROOT = iphoneos;
				SWIFT_ACTIVE_COMPILATION_CONDITIONS = DEBUG;
				SWIFT_OPTIMIZATION_LEVEL = "-Onone";
			};
			name = Debug;
		};
		7442B8EC2DED831C0051EDC0 /* Release */ = {
			isa = XCBuildConfiguration;
			buildSettings = {
				ALWAYS_SEARCH_USER_PATHS = NO;
				CLANG_ANALYZER_NONNULL = YES;
				CLANG_ANALYZER_NUMBER_OBJECT_CONVERSION = YES_AGGRESSIVE;
				CLANG_CXX_LANGUAGE_STANDARD = "gnu++20";
				CLANG_ENABLE_MODULES = YES;
				CLANG_ENABLE_OBJC_ARC = YES;
				CLANG_ENABLE_OBJC_WEAK = YES;
				CLANG_WARN_BLOCK_CAPTURE_AUTORELEASING = YES;
				CLANG_WARN_BOOL_CONVERSION = YES;
				CLANG_WARN_COMMA = YES;
				CLANG_WARN_CONSTANT_CONVERSION = YES;
				CLANG_WARN_DEPRECATED_OBJC_IMPLEMENTATIONS = YES;
				CLANG_WARN_DIRECT_OBJC_ISA_USAGE = YES_ERROR;
				CLANG_WARN_DOCUMENTATION_COMMENTS = YES;
				CLANG_WARN_EMPTY_BODY = YES;
				CLANG_WARN_ENUM_CONVERSION = YES;
				CLANG_WARN_INFINITE_RECURSION = YES;
				CLANG_WARN_INT_CONVERSION = YES;
				CLANG_WARN_NON_LITERAL_NULL_CONVERSION = YES;
				CLANG_WARN_OBJC_IMPLICIT_RETAIN_SELF = YES;
				CLANG_WARN_OBJC_LITERAL_CONVERSION = YES;
				CLANG_WARN_OBJC_ROOT_CLASS = YES_ERROR;
				CLANG_WARN_QUOTED_INCLUDE_IN_FRAMEWORK_HEADER = YES;
				CLANG_WARN_RANGE_LOOP_ANALYSIS = YES;
				CLANG_WARN_STRICT_PROTOTYPES = YES;
				CLANG_WARN_SUSPICIOUS_MOVE = YES;
				CLANG_WARN_UNGUARDED_AVAILABILITY = YES_AGGRESSIVE;
				CLANG_WARN_UNREACHABLE_CODE = YES;
				CLANG_WARN__DUPLICATE_METHOD_MATCH = YES;
				COPY_PHASE_STRIP = NO;
				DEBUG_INFORMATION_FORMAT = "dwarf-with-dsym";
				ENABLE_NS_ASSERTIONS = NO;
				ENABLE_STRICT_OBJC_MSGSEND = YES;
				GCC_C_LANGUAGE_STANDARD = gnu11;
				GCC_NO_COMMON_BLOCKS = YES;
				GCC_WARN_64_TO_32_BIT_CONVERSION = YES;
				GCC_WARN_ABOUT_RETURN_TYPE = YES_ERROR;
				GCC_WARN_UNDECLARED_SELECTOR = YES;
				GCC_WARN_UNINITIALIZED_AUTOS = YES_AGGRESSIVE;
				GCC_WARN_UNUSED_FUNCTION = YES;
				GCC_WARN_UNUSED_VARIABLE = YES;
				IPHONEOS_DEPLOYMENT_TARGET = 16.2;
				MTL_ENABLE_DEBUG_INFO = NO;
				MTL_FAST_MATH = YES;
				SDKROOT = iphoneos;
				SWIFT_COMPILATION_MODE = wholemodule;
				SWIFT_OPTIMIZATION_LEVEL = "-O";
				VALIDATE_PRODUCT = YES;
			};
			name = Release;
		};
		7442B8EE2DED831C0051EDC0 /* Debug */ = {
			isa = XCBuildConfiguration;
			buildSettings = {
				ASSETCATALOG_COMPILER_APPICON_NAME = AppIcon;
				ASSETCATALOG_COMPILER_GLOBAL_ACCENT_COLOR_NAME = AccentColor;
				CODE_SIGN_STYLE = Automatic;
				CURRENT_PROJECT_VERSION = 1;
				DEVELOPMENT_ASSET_PATHS = "\"Runner/Preview Content\"";
				DEVELOPMENT_TEAM = S542WTQWR3;
				ENABLE_PREVIEWS = YES;
				GENERATE_INFOPLIST_FILE = NO;
				INFOPLIST_FILE = Runner/Info.plist;
				INFOPLIST_KEY_UIApplicationSceneManifest_Generation = YES;
				INFOPLIST_KEY_UIApplicationSupportsIndirectInputEvents = YES;
				INFOPLIST_KEY_UILaunchScreen_Generation = YES;
				INFOPLIST_KEY_UISupportedInterfaceOrientations_iPad = "UIInterfaceOrientationPortrait UIInterfaceOrientationPortraitUpsideDown UIInterfaceOrientationLandscapeLeft UIInterfaceOrientationLandscapeRight";
				INFOPLIST_KEY_UISupportedInterfaceOrientations_iPhone = "UIInterfaceOrientationPortrait UIInterfaceOrientationLandscapeLeft UIInterfaceOrientationLandscapeRight";
				IPHONEOS_DEPLOYMENT_TARGET = 15.0;
				LD_RUNPATH_SEARCH_PATHS = (
					"$(inherited)",
					"@executable_path/Frameworks",
				);
				MARKETING_VERSION = 1.0;
				PRODUCT_BUNDLE_IDENTIFIER = cn.findclub.Runner;
				PRODUCT_NAME = "$(TARGET_NAME)";
				SWIFT_EMIT_LOC_STRINGS = YES;
				SWIFT_VERSION = 5.0;
				TARGETED_DEVICE_FAMILY = "1,2";
			};
			name = Debug;
		};
		7442B8EF2DED831C0051EDC0 /* Release */ = {
			isa = XCBuildConfiguration;
			buildSettings = {
				ASSETCATALOG_COMPILER_APPICON_NAME = AppIcon;
				ASSETCATALOG_COMPILER_GLOBAL_ACCENT_COLOR_NAME = AccentColor;
				CODE_SIGN_STYLE = Automatic;
				CURRENT_PROJECT_VERSION = 1;
				DEVELOPMENT_ASSET_PATHS = "\"Runner/Preview Content\"";
				DEVELOPMENT_TEAM = S542WTQWR3;
				ENABLE_PREVIEWS = YES;
				GENERATE_INFOPLIST_FILE = NO;
				INFOPLIST_FILE = Runner/Info.plist;
				INFOPLIST_KEY_UIApplicationSceneManifest_Generation = YES;
				INFOPLIST_KEY_UIApplicationSupportsIndirectInputEvents = YES;
				INFOPLIST_KEY_UILaunchScreen_Generation = YES;
				INFOPLIST_KEY_UISupportedInterfaceOrientations_iPad = "UIInterfaceOrientationPortrait UIInterfaceOrientationPortraitUpsideDown UIInterfaceOrientationLandscapeLeft UIInterfaceOrientationLandscapeRight";
				INFOPLIST_KEY_UISupportedInterfaceOrientations_iPhone = "UIInterfaceOrientationPortrait UIInterfaceOrientationLandscapeLeft UIInterfaceOrientationLandscapeRight";
				IPHONEOS_DEPLOYMENT_TARGET = 15.0;
				LD_RUNPATH_SEARCH_PATHS = (
					"$(inherited)",
					"@executable_path/Frameworks",
				);
				MARKETING_VERSION = 1.0;
				PRODUCT_BUNDLE_IDENTIFIER = cn.findclub.Runner;
				PRODUCT_NAME = "$(TARGET_NAME)";
				SWIFT_EMIT_LOC_STRINGS = YES;
				SWIFT_VERSION = 5.0;
				TARGETED_DEVICE_FAMILY = "1,2";
			};
			name = Release;
		};
		7442B8F12DED831C0051EDC0 /* Debug */ = {
			isa = XCBuildConfiguration;
			buildSettings = {
				ALWAYS_EMBED_SWIFT_STANDARD_LIBRARIES = YES;
				BUNDLE_LOADER = "$(TEST_HOST)";
				CODE_SIGN_STYLE = Automatic;
				CURRENT_PROJECT_VERSION = 1;
				DEVELOPMENT_TEAM = S542WTQWR3;
				GENERATE_INFOPLIST_FILE = NO;
				INFOPLIST_FILE = Runner/Info.plist;
				IPHONEOS_DEPLOYMENT_TARGET = 16.2;
				MARKETING_VERSION = 1.0;
				PRODUCT_BUNDLE_IDENTIFIER = cn.findclub.RunnerTests;
				PRODUCT_NAME = "$(TARGET_NAME)";
				SWIFT_EMIT_LOC_STRINGS = NO;
				SWIFT_VERSION = 5.0;
				TARGETED_DEVICE_FAMILY = "1,2";
				TEST_HOST = "$(BUILT_PRODUCTS_DIR)/Runner.app/$(BUNDLE_EXECUTABLE_FOLDER_PATH)/Runner";
			};
			name = Debug;
		};
		7442B8F22DED831C0051EDC0 /* Release */ = {
			isa = XCBuildConfiguration;
			buildSettings = {
				ALWAYS_EMBED_SWIFT_STANDARD_LIBRARIES = YES;
				BUNDLE_LOADER = "$(TEST_HOST)";
				CODE_SIGN_STYLE = Automatic;
				CURRENT_PROJECT_VERSION = 1;
				DEVELOPMENT_TEAM = S542WTQWR3;
				GENERATE_INFOPLIST_FILE = NO;
				INFOPLIST_FILE = Runner/Info.plist;
				IPHONEOS_DEPLOYMENT_TARGET = 16.2;
				MARKETING_VERSION = 1.0;
				PRODUCT_BUNDLE_IDENTIFIER = cn.findclub.RunnerTests;
				PRODUCT_NAME = "$(TARGET_NAME)";
				SWIFT_EMIT_LOC_STRINGS = NO;
				SWIFT_VERSION = 5.0;
				TARGETED_DEVICE_FAMILY = "1,2";
				TEST_HOST = "$(BUILT_PRODUCTS_DIR)/Runner.app/$(BUNDLE_EXECUTABLE_FOLDER_PATH)/Runner";
			};
			name = Release;
		};
		7442B8F42DED831C0051EDC0 /* Debug */ = {
			isa = XCBuildConfiguration;
			buildSettings = {
				ALWAYS_EMBED_SWIFT_STANDARD_LIBRARIES = YES;
				CODE_SIGN_STYLE = Automatic;
				CURRENT_PROJECT_VERSION = 1;
				DEVELOPMENT_TEAM = S542WTQWR3;
				GENERATE_INFOPLIST_FILE = NO;
				INFOPLIST_FILE = Runner/Info.plist;
				MARKETING_VERSION = 1.0;
				PRODUCT_BUNDLE_IDENTIFIER = cn.findclub.RunnerUITests;
				PRODUCT_NAME = "$(TARGET_NAME)";
				SWIFT_EMIT_LOC_STRINGS = NO;
				SWIFT_VERSION = 5.0;
				TARGETED_DEVICE_FAMILY = "1,2";
				TEST_TARGET_NAME = Runner;
			};
			name = Debug;
		};
		7442B8F52DED831C0051EDC0 /* Release */ = {
			isa = XCBuildConfiguration;
			buildSettings = {
				ALWAYS_EMBED_SWIFT_STANDARD_LIBRARIES = YES;
				CODE_SIGN_STYLE = Automatic;
				CURRENT_PROJECT_VERSION = 1;
				DEVELOPMENT_TEAM = S542WTQWR3;
				GENERATE_INFOPLIST_FILE = NO;
				INFOPLIST_FILE = Runner/Info.plist;
				MARKETING_VERSION = 1.0;
				PRODUCT_BUNDLE_IDENTIFIER = cn.findclub.RunnerUITests;
				PRODUCT_NAME = "$(TARGET_NAME)";
				SWIFT_EMIT_LOC_STRINGS = NO;
				SWIFT_VERSION = 5.0;
				TARGETED_DEVICE_FAMILY = "1,2";
				TEST_TARGET_NAME = Runner;
			};
			name = Release;
		};
/* End XCBuildConfiguration section */

/* Begin XCConfigurationList section */
		7442B8C42DED83190051EDC0 /* Build configuration list for PBXProject "Runner" */ = {
			isa = XCConfigurationList;
			buildConfigurations = (
				7442B8EB2DED831C0051EDC0 /* Debug */,
				7442B8EC2DED831C0051EDC0 /* Release */,
			);
			defaultConfigurationIsVisible = 0;
			defaultConfigurationName = Release;
		};
		7442B8ED2DED831C0051EDC0 /* Build configuration list for PBXNativeTarget "Runner" */ = {
			isa = XCConfigurationList;
			buildConfigurations = (
				7442B8EE2DED831C0051EDC0 /* Debug */,
				7442B8EF2DED831C0051EDC0 /* Release */,
			);
			defaultConfigurationIsVisible = 0;
			defaultConfigurationName = Release;
		};
		7442B8F02DED831C0051EDC0 /* Build configuration list for PBXNativeTarget "RunnerTests" */ = {
			isa = XCConfigurationList;
			buildConfigurations = (
				7442B8F12DED831C0051EDC0 /* Debug */,
				7442B8F22DED831C0051EDC0 /* Release */,
			);
			defaultConfigurationIsVisible = 0;
			defaultConfigurationName = Release;
		};
		7442B8F32DED831C0051EDC0 /* Build configuration list for PBXNativeTarget "RunnerUITests" */ = {
			isa = XCConfigurationList;
			buildConfigurations = (
				7442B8F42DED831C0051EDC0 /* Debug */,
				7442B8F52DED831C0051EDC0 /* Release */,
			);
			defaultConfigurationIsVisible = 0;
			defaultConfigurationName = Release;
		};
/* End XCConfigurationList section */
	};
	rootObject = 7442B8C12DED83190051EDC0 /* Project object */;
}
